
Microsoft Visual Studio Solution File, Format Version 12.00
# Visual Studio Version 16
VisualStudioVersion = 16.0.30621.155
MinimumVisualStudioVersion = 10.0.40219.1
Project("{FAE04EC0-301F-11D3-BF4B-00C04F79EFBC}") = "SportSore.WebUI", "SportSore.WebUI\SportSore.WebUI.csproj", "{61B9062B-8237-48F5-890E-A7382D9ADDE0}"
EndProject
Project("{FAE04EC0-301F-11D3-BF4B-00C04F79EFBC}") = "TestSportStore", "TestSportStore\TestSportStore.csproj", "{78969FC7-C600-4345-94F3-8C43930F2AAF}"
EndProject
Project("{FAE04EC0-301F-11D3-BF4B-00C04F79EFBC}") = "Domain", "Domain\Domain.csproj", "{893CE2D4-87C9-49D5-91B1-44A9F0B9CFDC}"
EndProject
Global
	GlobalSection(SolutionConfigurationPlatforms) = preSolution
		Debug|Any CPU = Debug|Any CPU
		Release|Any CPU = Release|Any CPU
	EndGlobalSection
	GlobalSection(ProjectConfigurationPlatforms) = postSolution
		{61B9062B-8237-48F5-890E-A7382D9ADDE0}.Debug|Any CPU.ActiveCfg = Debug|Any CPU
		{61B9062B-8237-48F5-890E-A7382D9ADDE0}.Debug|Any CPU.Build.0 = Debug|Any CPU
		{61B9062B-8237-48F5-890E-A7382D9ADDE0}.Release|Any CPU.ActiveCfg = Release|Any CPU
		{61B9062B-8237-48F5-890E-A7382D9ADDE0}.Release|Any CPU.Build.0 = Release|Any CPU
		{78969FC7-C600-4345-94F3-8C43930F2AAF}.Debug|Any CPU.ActiveCfg = Debug|Any CPU
		{78969FC7-C600-4345-94F3-8C43930F2AAF}.Debug|Any CPU.Build.0 = Debug|Any CPU
		{78969FC7-C600-4345-94F3-8C43930F2AAF}.Release|Any CPU.ActiveCfg = Release|Any CPU
		{78969FC7-C600-4345-94F3-8C43930F2AAF}.Release|Any CPU.Build.0 = Release|Any CPU
		{893CE2D4-87C9-49D5-91B1-44A9F0B9CFDC}.Debug|Any CPU.ActiveCfg = Debug|Any CPU
		{893CE2D4-87C9-49D5-91B1-44A9F0B9CFDC}.Debug|Any CPU.Build.0 = Debug|Any CPU
		{893CE2D4-87C9-49D5-91B1-44A9F0B9CFDC}.Release|Any CPU.ActiveCfg = Release|Any CPU
		{893CE2D4-87C9-49D5-91B1-44A9F0B9CFDC}.Release|Any CPU.Build.0 = Release|Any CPU
	EndGlobalSection
	GlobalSection(SolutionProperties) = preSolution
		HideSolutionNode = FALSE
	EndGlobalSection
	GlobalSection(ExtensibilityGlobals) = postSolution
		SolutionGuid = {E4046C97-25B2-4E64-A5DC-5D8887B49AEB}
	EndGlobalSection
EndGlobal
